
Microsoft Visual Studio Solution File, Format Version 12.00
# Visual Studio 15
VisualStudioVersion = 15.0.27703.2018
MinimumVisualStudioVersion = 10.0.40219.1
Project("{FAE04EC0-301F-11D3-BF4B-00C04F79EFBC}") = "ValueStructEnumHomework", "ValueStructEnumHomework\ValueStructEnumHomework.csproj", "{82F9AA08-ABF4-4D82-BD55-1052DA43640C}"
EndProject
Project("{FAE04EC0-301F-11D3-BF4B-00C04F79EFBC}") = "OperatorsExersises", "OperatorsExersises\OperatorsExersises.csproj", "{778F3ACB-6CCE-47C5-9EB8-26B9CC068AAB}"
EndProject
Project("{FAE04EC0-301F-11D3-BF4B-00C04F79EFBC}") = "InterfacesHomework", "InterfacesHomework\InterfacesHomework.csproj", "{97A91B83-E4CA-4422-9818-F555CAFC91E8}"
EndProject
Project("{FAE04EC0-301F-11D3-BF4B-00C04F79EFBC}") = "CircleLinkedListHomework", "CircleLinkedListHomework\CircleLinkedListHomework.csproj", "{D617AE73-0359-419A-98C6-5702FCF2A6B8}"
EndProject
Global
	GlobalSection(SolutionConfigurationPlatforms) = preSolution
		Debug|Any CPU = Debug|Any CPU
		Release|Any CPU = Release|Any CPU
	EndGlobalSection
	GlobalSection(ProjectConfigurationPlatforms) = postSolution
		{82F9AA08-ABF4-4D82-BD55-1052DA43640C}.Debug|Any CPU.ActiveCfg = Debug|Any CPU
		{82F9AA08-ABF4-4D82-BD55-1052DA43640C}.Debug|Any CPU.Build.0 = Debug|Any CPU
		{82F9AA08-ABF4-4D82-BD55-1052DA43640C}.Release|Any CPU.ActiveCfg = Release|Any CPU
		{82F9AA08-ABF4-4D82-BD55-1052DA43640C}.Release|Any CPU.Build.0 = Release|Any CPU
		{778F3ACB-6CCE-47C5-9EB8-26B9CC068AAB}.Debug|Any CPU.ActiveCfg = Debug|Any CPU
		{778F3ACB-6CCE-47C5-9EB8-26B9CC068AAB}.Debug|Any CPU.Build.0 = Debug|Any CPU
		{778F3ACB-6CCE-47C5-9EB8-26B9CC068AAB}.Release|Any CPU.ActiveCfg = Release|Any CPU
		{778F3ACB-6CCE-47C5-9EB8-26B9CC068AAB}.Release|Any CPU.Build.0 = Release|Any CPU
		{97A91B83-E4CA-4422-9818-F555CAFC91E8}.Debug|Any CPU.ActiveCfg = Debug|Any CPU
		{97A91B83-E4CA-4422-9818-F555CAFC91E8}.Debug|Any CPU.Build.0 = Debug|Any CPU
		{97A91B83-E4CA-4422-9818-F555CAFC91E8}.Release|Any CPU.ActiveCfg = Release|Any CPU
		{97A91B83-E4CA-4422-9818-F555CAFC91E8}.Release|Any CPU.Build.0 = Release|Any CPU
		{D617AE73-0359-419A-98C6-5702FCF2A6B8}.Debug|Any CPU.ActiveCfg = Debug|Any CPU
		{D617AE73-0359-419A-98C6-5702FCF2A6B8}.Debug|Any CPU.Build.0 = Debug|Any CPU
		{D617AE73-0359-419A-98C6-5702FCF2A6B8}.Release|Any CPU.ActiveCfg = Release|Any CPU
		{D617AE73-0359-419A-98C6-5702FCF2A6B8}.Release|Any CPU.Build.0 = Release|Any CPU
	EndGlobalSection
	GlobalSection(SolutionProperties) = preSolution
		HideSolutionNode = FALSE
	EndGlobalSection
	GlobalSection(ExtensibilityGlobals) = postSolution
		SolutionGuid = {E3D8D325-11EA-40D4-9633-404669832533}
	EndGlobalSection
EndGlobal
